
Microsoft Visual Studio Solution File, Format Version 12.00
# Visual Studio Version 17
VisualStudioVersion = 17.0.31903.59
MinimumVisualStudioVersion = 10.0.40219.1
Project("{FAE04EC0-301F-11D3-BF4B-00C04F79EFBC}") = "HelloWorld", "HelloWorld\HelloWorld.csproj", "{9786644C-E4D8-4EED-AE82-A69F8F642642}"
EndProject
Project("{FAE04EC0-301F-11D3-BF4B-00C04F79EFBC}") = "MyAPI_DotNet.ConsoleApp", "MyAPI_DotNet.ConsoleApp\MyAPI_DotNet.ConsoleApp.csproj", "{0ECFEE09-F36E-4C6C-9EA2-21CF1963625B}"
EndProject
Global
	GlobalSection(SolutionConfigurationPlatforms) = preSolution
		Debug|Any CPU = Debug|Any CPU
		Release|Any CPU = Release|Any CPU
	EndGlobalSection
	GlobalSection(ProjectConfigurationPlatforms) = postSolution
		{9786644C-E4D8-4EED-AE82-A69F8F642642}.Debug|Any CPU.ActiveCfg = Debug|Any CPU
		{9786644C-E4D8-4EED-AE82-A69F8F642642}.Debug|Any CPU.Build.0 = Debug|Any CPU
		{9786644C-E4D8-4EED-AE82-A69F8F642642}.Release|Any CPU.ActiveCfg = Release|Any CPU
		{9786644C-E4D8-4EED-AE82-A69F8F642642}.Release|Any CPU.Build.0 = Release|Any CPU
		{0ECFEE09-F36E-4C6C-9EA2-21CF1963625B}.Debug|Any CPU.ActiveCfg = Debug|Any CPU
		{0ECFEE09-F36E-4C6C-9EA2-21CF1963625B}.Debug|Any CPU.Build.0 = Debug|Any CPU
		{0ECFEE09-F36E-4C6C-9EA2-21CF1963625B}.Release|Any CPU.ActiveCfg = Release|Any CPU
		{0ECFEE09-F36E-4C6C-9EA2-21CF1963625B}.Release|Any CPU.Build.0 = Release|Any CPU
	EndGlobalSection
	GlobalSection(SolutionProperties) = preSolution
		HideSolutionNode = FALSE
	EndGlobalSection
	GlobalSection(ExtensibilityGlobals) = postSolution
		SolutionGuid = {5936F927-E25F-4A0D-99D4-D9F1951DB6E6}
	EndGlobalSection
EndGlobal
